Microsoft Visual Studio Solution File, Format Version 12.00
# Visual Studio Version 17
VisualStudioVersion = 17.5.2.0
MinimumVisualStudioVersion = 10.0.40219.1
Project("{FAE04EC0-301F-11D3-BF4B-00C04F79EFBC}") = "PIM-3", "PIM-3.csproj", "{493284C3-7A60-7680-E7D6-5E0B4CF41093}"
EndProject
Global
	GlobalSection(SolutionConfigurationPlatforms) = preSolution
		Debug|Any CPU = Debug|Any CPU
		Release|Any CPU = Release|Any CPU
	EndGlobalSection
	GlobalSection(ProjectConfigurationPlatforms) = postSolution
		{493284C3-7A60-7680-E7D6-5E0B4CF41093}.Debug|Any CPU.ActiveCfg = Debug|Any CPU
		{493284C3-7A60-7680-E7D6-5E0B4CF41093}.Debug|Any CPU.Build.0 = Debug|Any CPU
		{493284C3-7A60-7680-E7D6-5E0B4CF41093}.Release|Any CPU.ActiveCfg = Release|Any CPU
		{493284C3-7A60-7680-E7D6-5E0B4CF41093}.Release|Any CPU.Build.0 = Release|Any CPU
	EndGlobalSection
	GlobalSection(SolutionProperties) = preSolution
		HideSolutionNode = FALSE
	EndGlobalSection
	GlobalSection(ExtensibilityGlobals) = postSolution
		SolutionGuid = {73C18EFB-672B-41E5-8B2E-18321828515F}
	EndGlobalSection
EndGlobal
